
Microsoft Visual Studio Solution File, Format Version 12.00
# Visual Studio Version 16
VisualStudioVersion = 16.0.31402.337
MinimumVisualStudioVersion = 10.0.40219.1
Project("{FAE04EC0-301F-11D3-BF4B-00C04F79EFBC}") = "BookReader", "BookReader.csproj", "{A1DFFF84-F01D-4559-A03C-558FF54CBC92}"
EndProject
Global
	GlobalSection(SolutionConfigurationPlatforms) = preSolution
		Debug|Any CPU = Debug|Any CPU
		Release|Any CPU = Release|Any CPU
	EndGlobalSection
	GlobalSection(ProjectConfigurationPlatforms) = postSolution
		{A1DFFF84-F01D-4559-A03C-558FF54CBC92}.Debug|Any CPU.ActiveCfg = Debug|Any CPU
		{A1DFFF84-F01D-4559-A03C-558FF54CBC92}.Debug|Any CPU.Build.0 = Debug|Any CPU
		{A1DFFF84-F01D-4559-A03C-558FF54CBC92}.Release|Any CPU.ActiveCfg = Release|Any CPU
		{A1DFFF84-F01D-4559-A03C-558FF54CBC92}.Release|Any CPU.Build.0 = Release|Any CPU
	EndGlobalSection
	GlobalSection(SolutionProperties) = preSolution
		HideSolutionNode = FALSE
	EndGlobalSection
	GlobalSection(ExtensibilityGlobals) = postSolution
		SolutionGuid = {6AFB472D-A4F8-4B66-B21C-D12F3CB1EE91}
	EndGlobalSection
EndGlobal
